
Microsoft Visual Studio Solution File, Format Version 12.00
# Visual Studio 15
VisualStudioVersion = 15.0.27428.2005
MinimumVisualStudioVersion = 10.0.40219.1
Project("{FAE04EC0-301F-11D3-BF4B-00C04F79EFBC}") = "MichaelAlaminEFCodeFirstProject.Data", "MichaelAlaminEFCodeFirstProject.Data\MichaelAlaminEFCodeFirstProject.Data.csproj", "{1351E685-F250-4972-A3BC-C6520E7A3264}"
EndProject
Project("{FAE04EC0-301F-11D3-BF4B-00C04F79EFBC}") = "MichaelAlaminEFCodeFirstProject.Domain", "MichaelAlaminEFCodeFirstProject.Domain\MichaelAlaminEFCodeFirstProject.Domain.csproj", "{02D14274-ADEB-4707-B925-9147DEEB27B4}"
EndProject
Project("{FAE04EC0-301F-11D3-BF4B-00C04F79EFBC}") = "MichaelAlaminEFCodeFirstProject.UI", "MichaelAlaminEFCodeFirstProject.UI\MichaelAlaminEFCodeFirstProject.UI.csproj", "{BD78659A-D32F-4186-8294-01856DDA6021}"
EndProject
Global
	GlobalSection(SolutionConfigurationPlatforms) = preSolution
		Debug|Any CPU = Debug|Any CPU
		Release|Any CPU = Release|Any CPU
	EndGlobalSection
	GlobalSection(ProjectConfigurationPlatforms) = postSolution
		{1351E685-F250-4972-A3BC-C6520E7A3264}.Debug|Any CPU.ActiveCfg = Debug|Any CPU
		{1351E685-F250-4972-A3BC-C6520E7A3264}.Debug|Any CPU.Build.0 = Debug|Any CPU
		{1351E685-F250-4972-A3BC-C6520E7A3264}.Release|Any CPU.ActiveCfg = Release|Any CPU
		{1351E685-F250-4972-A3BC-C6520E7A3264}.Release|Any CPU.Build.0 = Release|Any CPU
		{02D14274-ADEB-4707-B925-9147DEEB27B4}.Debug|Any CPU.ActiveCfg = Debug|Any CPU
		{02D14274-ADEB-4707-B925-9147DEEB27B4}.Debug|Any CPU.Build.0 = Debug|Any CPU
		{02D14274-ADEB-4707-B925-9147DEEB27B4}.Release|Any CPU.ActiveCfg = Release|Any CPU
		{02D14274-ADEB-4707-B925-9147DEEB27B4}.Release|Any CPU.Build.0 = Release|Any CPU
		{BD78659A-D32F-4186-8294-01856DDA6021}.Debug|Any CPU.ActiveCfg = Debug|Any CPU
		{BD78659A-D32F-4186-8294-01856DDA6021}.Debug|Any CPU.Build.0 = Debug|Any CPU
		{BD78659A-D32F-4186-8294-01856DDA6021}.Release|Any CPU.ActiveCfg = Release|Any CPU
		{BD78659A-D32F-4186-8294-01856DDA6021}.Release|Any CPU.Build.0 = Release|Any CPU
	EndGlobalSection
	GlobalSection(SolutionProperties) = preSolution
		HideSolutionNode = FALSE
	EndGlobalSection
	GlobalSection(ExtensibilityGlobals) = postSolution
		SolutionGuid = {847CEFDE-1CB1-438B-8983-8A046F9B92DD}
	EndGlobalSection
EndGlobal
